
Microsoft Visual Studio Solution File, Format Version 12.00
# Visual Studio 15
VisualStudioVersion = 15.0.26430.6
MinimumVisualStudioVersion = 10.0.40219.1
Project("{2150E333-8FDC-42A3-9474-1A3956D46DE8}") = "src", "src", "{32F08112-A6C3-4E23-B411-82AB3810D8C7}"
EndProject
Project("{2150E333-8FDC-42A3-9474-1A3956D46DE8}") = "Solution Items", "Solution Items", "{5A985006-B6B0-4DA8-8CEC-C4A0520084C5}"
EndProject
Project("{9A19103F-16F7-4668-BE54-9A1E7A4F7556}") = "NovatecEnergyWeb", "src\NovatecEnergyWeb\NovatecEnergyWeb.csproj", "{FAE4C209-AEB8-43DE-AEF6-8E5C40AEC369}"
EndProject
Global
	GlobalSection(SolutionConfigurationPlatforms) = preSolution
		Debug|Any CPU = Debug|Any CPU
		Release|Any CPU = Release|Any CPU
	EndGlobalSection
	GlobalSection(ProjectConfigurationPlatforms) = postSolution
		{FAE4C209-AEB8-43DE-AEF6-8E5C40AEC369}.Debug|Any CPU.ActiveCfg = Debug|Any CPU
		{FAE4C209-AEB8-43DE-AEF6-8E5C40AEC369}.Debug|Any CPU.Build.0 = Debug|Any CPU
		{FAE4C209-AEB8-43DE-AEF6-8E5C40AEC369}.Release|Any CPU.ActiveCfg = Release|Any CPU
		{FAE4C209-AEB8-43DE-AEF6-8E5C40AEC369}.Release|Any CPU.Build.0 = Release|Any CPU
	EndGlobalSection
	GlobalSection(SolutionProperties) = preSolution
		HideSolutionNode = FALSE
	EndGlobalSection
	GlobalSection(NestedProjects) = preSolution
		{FAE4C209-AEB8-43DE-AEF6-8E5C40AEC369} = {32F08112-A6C3-4E23-B411-82AB3810D8C7}
	EndGlobalSection
EndGlobal
